
Microsoft Visual Studio Solution File, Format Version 12.00
Project("{2150E333-8FDC-42A3-9474-1A3956D46DE8}") = "SolutionItems", "SolutionItems", "{3E5B7152-6A1F-4B02-AA83-6CD15E376D15}"
	ProjectSection(SolutionItems) = preProject
		..\.gitignore = ..\.gitignore
		..\Readme.md = ..\Readme.md
	EndProjectSection
EndProject
Project("{FAE04EC0-301F-11D3-BF4B-00C04F79EFBC}") = "A", "A\A.csproj", "{D59BE849-E77A-4240-9E73-A973C5682B1F}"
EndProject
Project("{2150E333-8FDC-42A3-9474-1A3956D46DE8}") = "Mq.Lib", "Mq.Lib", "{B5F500BF-2D34-4F56-9C25-FF89CDDA575A}"
EndProject
Project("{FAE04EC0-301F-11D3-BF4B-00C04F79EFBC}") = "gRpc.Mq", "Mq.Lib\gRpc.Mq\gRpc.Mq.csproj", "{AC52E8A7-0D15-4C5A-99D4-948C641CFA0D}"
EndProject
Project("{FAE04EC0-301F-11D3-BF4B-00C04F79EFBC}") = "Mq.Server", "Mq.Lib\Mq.Server\Mq.Server.csproj", "{D39EB902-7B35-4E07-9296-5375E126798D}"
EndProject
Project("{FAE04EC0-301F-11D3-BF4B-00C04F79EFBC}") = "Mq.GrpcApi", "Mq.Lib\Mq.GrpcApi\Mq.GrpcApi.csproj", "{CFB83FD3-D09D-49F3-AC7B-FF12E32C0EB3}"
EndProject
Project("{FAE04EC0-301F-11D3-BF4B-00C04F79EFBC}") = "Mq.Client", "Mq.Lib\Mq.Client\Mq.Client.csproj", "{7FB249C5-C046-4516-BB21-3E991817364C}"
EndProject
Project("{FAE04EC0-301F-11D3-BF4B-00C04F79EFBC}") = "Mq.DependencyInjection", "Mq.Lib\Mq.DependencyInjection\Mq.DependencyInjection.csproj", "{84F3D7D1-723A-4712-90FB-2F49BD179FF3}"
EndProject
Project("{FAE04EC0-301F-11D3-BF4B-00C04F79EFBC}") = "Mq.Client.DependencyInjection", "Mq.Lib\Mq.Client.DependencyInjection\Mq.Client.DependencyInjection.csproj", "{3CA04479-82D5-4FF7-BA38-6E69D03D7F69}"
EndProject
Project("{FAE04EC0-301F-11D3-BF4B-00C04F79EFBC}") = "B", "B\B.csproj", "{E77F9E0E-7355-467E-8A9E-9316FBC982BC}"
EndProject
Global
	GlobalSection(SolutionConfigurationPlatforms) = preSolution
		Debug|Any CPU = Debug|Any CPU
		Release|Any CPU = Release|Any CPU
	EndGlobalSection
	GlobalSection(ProjectConfigurationPlatforms) = postSolution
		{D59BE849-E77A-4240-9E73-A973C5682B1F}.Debug|Any CPU.ActiveCfg = Debug|Any CPU
		{D59BE849-E77A-4240-9E73-A973C5682B1F}.Debug|Any CPU.Build.0 = Debug|Any CPU
		{D59BE849-E77A-4240-9E73-A973C5682B1F}.Release|Any CPU.ActiveCfg = Release|Any CPU
		{D59BE849-E77A-4240-9E73-A973C5682B1F}.Release|Any CPU.Build.0 = Release|Any CPU
		{AC52E8A7-0D15-4C5A-99D4-948C641CFA0D}.Debug|Any CPU.ActiveCfg = Debug|Any CPU
		{AC52E8A7-0D15-4C5A-99D4-948C641CFA0D}.Debug|Any CPU.Build.0 = Debug|Any CPU
		{AC52E8A7-0D15-4C5A-99D4-948C641CFA0D}.Release|Any CPU.ActiveCfg = Release|Any CPU
		{AC52E8A7-0D15-4C5A-99D4-948C641CFA0D}.Release|Any CPU.Build.0 = Release|Any CPU
		{D39EB902-7B35-4E07-9296-5375E126798D}.Debug|Any CPU.ActiveCfg = Debug|Any CPU
		{D39EB902-7B35-4E07-9296-5375E126798D}.Debug|Any CPU.Build.0 = Debug|Any CPU
		{D39EB902-7B35-4E07-9296-5375E126798D}.Release|Any CPU.ActiveCfg = Release|Any CPU
		{D39EB902-7B35-4E07-9296-5375E126798D}.Release|Any CPU.Build.0 = Release|Any CPU
		{CFB83FD3-D09D-49F3-AC7B-FF12E32C0EB3}.Debug|Any CPU.ActiveCfg = Debug|Any CPU
		{CFB83FD3-D09D-49F3-AC7B-FF12E32C0EB3}.Debug|Any CPU.Build.0 = Debug|Any CPU
		{CFB83FD3-D09D-49F3-AC7B-FF12E32C0EB3}.Release|Any CPU.ActiveCfg = Release|Any CPU
		{CFB83FD3-D09D-49F3-AC7B-FF12E32C0EB3}.Release|Any CPU.Build.0 = Release|Any CPU
		{7FB249C5-C046-4516-BB21-3E991817364C}.Debug|Any CPU.ActiveCfg = Debug|Any CPU
		{7FB249C5-C046-4516-BB21-3E991817364C}.Debug|Any CPU.Build.0 = Debug|Any CPU
		{7FB249C5-C046-4516-BB21-3E991817364C}.Release|Any CPU.ActiveCfg = Release|Any CPU
		{7FB249C5-C046-4516-BB21-3E991817364C}.Release|Any CPU.Build.0 = Release|Any CPU
		{84F3D7D1-723A-4712-90FB-2F49BD179FF3}.Debug|Any CPU.ActiveCfg = Debug|Any CPU
		{84F3D7D1-723A-4712-90FB-2F49BD179FF3}.Debug|Any CPU.Build.0 = Debug|Any CPU
		{84F3D7D1-723A-4712-90FB-2F49BD179FF3}.Release|Any CPU.ActiveCfg = Release|Any CPU
		{84F3D7D1-723A-4712-90FB-2F49BD179FF3}.Release|Any CPU.Build.0 = Release|Any CPU
		{3CA04479-82D5-4FF7-BA38-6E69D03D7F69}.Debug|Any CPU.ActiveCfg = Debug|Any CPU
		{3CA04479-82D5-4FF7-BA38-6E69D03D7F69}.Debug|Any CPU.Build.0 = Debug|Any CPU
		{3CA04479-82D5-4FF7-BA38-6E69D03D7F69}.Release|Any CPU.ActiveCfg = Release|Any CPU
		{3CA04479-82D5-4FF7-BA38-6E69D03D7F69}.Release|Any CPU.Build.0 = Release|Any CPU
		{E77F9E0E-7355-467E-8A9E-9316FBC982BC}.Debug|Any CPU.ActiveCfg = Debug|Any CPU
		{E77F9E0E-7355-467E-8A9E-9316FBC982BC}.Debug|Any CPU.Build.0 = Debug|Any CPU
		{E77F9E0E-7355-467E-8A9E-9316FBC982BC}.Release|Any CPU.ActiveCfg = Release|Any CPU
		{E77F9E0E-7355-467E-8A9E-9316FBC982BC}.Release|Any CPU.Build.0 = Release|Any CPU
	EndGlobalSection
	GlobalSection(NestedProjects) = preSolution
		{AC52E8A7-0D15-4C5A-99D4-948C641CFA0D} = {B5F500BF-2D34-4F56-9C25-FF89CDDA575A}
		{D39EB902-7B35-4E07-9296-5375E126798D} = {B5F500BF-2D34-4F56-9C25-FF89CDDA575A}
		{CFB83FD3-D09D-49F3-AC7B-FF12E32C0EB3} = {B5F500BF-2D34-4F56-9C25-FF89CDDA575A}
		{7FB249C5-C046-4516-BB21-3E991817364C} = {B5F500BF-2D34-4F56-9C25-FF89CDDA575A}
		{84F3D7D1-723A-4712-90FB-2F49BD179FF3} = {B5F500BF-2D34-4F56-9C25-FF89CDDA575A}
		{3CA04479-82D5-4FF7-BA38-6E69D03D7F69} = {B5F500BF-2D34-4F56-9C25-FF89CDDA575A}
	EndGlobalSection
EndGlobal
